
Microsoft Visual Studio Solution File, Format Version 12.00
# Visual Studio Version 17
VisualStudioVersion = 17.9.34723.18
MinimumVisualStudioVersion = 10.0.40219.1
Project("{FAE04EC0-301F-11D3-BF4B-00C04F79EFBC}") = "Semana 3", "Semana 3.csproj", "{BFF66EB9-5531-4987-9622-493613E30576}"
EndProject
Global
	GlobalSection(SolutionConfigurationPlatforms) = preSolution
		Debug|Any CPU = Debug|Any CPU
		Release|Any CPU = Release|Any CPU
	EndGlobalSection
	GlobalSection(ProjectConfigurationPlatforms) = postSolution
		{BFF66EB9-5531-4987-9622-493613E30576}.Debug|Any CPU.ActiveCfg = Debug|Any CPU
		{BFF66EB9-5531-4987-9622-493613E30576}.Debug|Any CPU.Build.0 = Debug|Any CPU
		{BFF66EB9-5531-4987-9622-493613E30576}.Release|Any CPU.ActiveCfg = Release|Any CPU
		{BFF66EB9-5531-4987-9622-493613E30576}.Release|Any CPU.Build.0 = Release|Any CPU
	EndGlobalSection
	GlobalSection(SolutionProperties) = preSolution
		HideSolutionNode = FALSE
	EndGlobalSection
	GlobalSection(ExtensibilityGlobals) = postSolution
		SolutionGuid = {7385E5D8-EF35-4A7F-872B-4772EE3E7223}
	EndGlobalSection
EndGlobal
