
Microsoft Visual Studio Solution File, Format Version 12.00
# Visual Studio Version 17
VisualStudioVersion = 17.9.34723.18
MinimumVisualStudioVersion = 10.0.40219.1
Project("{FAE04EC0-301F-11D3-BF4B-00C04F79EFBC}") = "Lab02", "Lab02.csproj", "{5AB24D6F-5E26-4B8B-BB63-9FB18797922C}"
EndProject
Global
	GlobalSection(SolutionConfigurationPlatforms) = preSolution
		Debug|Any CPU = Debug|Any CPU
		Release|Any CPU = Release|Any CPU
	EndGlobalSection
	GlobalSection(ProjectConfigurationPlatforms) = postSolution
		{5AB24D6F-5E26-4B8B-BB63-9FB18797922C}.Debug|Any CPU.ActiveCfg = Debug|Any CPU
		{5AB24D6F-5E26-4B8B-BB63-9FB18797922C}.Debug|Any CPU.Build.0 = Debug|Any CPU
		{5AB24D6F-5E26-4B8B-BB63-9FB18797922C}.Release|Any CPU.ActiveCfg = Release|Any CPU
		{5AB24D6F-5E26-4B8B-BB63-9FB18797922C}.Release|Any CPU.Build.0 = Release|Any CPU
	EndGlobalSection
	GlobalSection(SolutionProperties) = preSolution
		HideSolutionNode = FALSE
	EndGlobalSection
	GlobalSection(ExtensibilityGlobals) = postSolution
		SolutionGuid = {FC64B945-2221-42F4-9940-64A491312F56}
	EndGlobalSection
EndGlobal
