
Microsoft Visual Studio Solution File, Format Version 12.00
# Visual Studio Version 17
VisualStudioVersion = 17.14.37216.2 d17.14
MinimumVisualStudioVersion = 10.0.40219.1
Project("{FAE04EC0-301F-11D3-BF4B-00C04F79EFBC}") = "semana66", "semana66\semana66.csproj", "{164EED20-5C58-445F-A259-BEBB97AF507C}"
EndProject
Global
	GlobalSection(SolutionConfigurationPlatforms) = preSolution
		Debug|Any CPU = Debug|Any CPU
		Release|Any CPU = Release|Any CPU
	EndGlobalSection
	GlobalSection(ProjectConfigurationPlatforms) = postSolution
		{164EED20-5C58-445F-A259-BEBB97AF507C}.Debug|Any CPU.ActiveCfg = Debug|Any CPU
		{164EED20-5C58-445F-A259-BEBB97AF507C}.Debug|Any CPU.Build.0 = Debug|Any CPU
		{164EED20-5C58-445F-A259-BEBB97AF507C}.Release|Any CPU.ActiveCfg = Release|Any CPU
		{164EED20-5C58-445F-A259-BEBB97AF507C}.Release|Any CPU.Build.0 = Release|Any CPU
	EndGlobalSection
	GlobalSection(SolutionProperties) = preSolution
		HideSolutionNode = FALSE
	EndGlobalSection
	GlobalSection(ExtensibilityGlobals) = postSolution
		SolutionGuid = {253EB747-4DC8-495E-B76B-0407EE5791A7}
	EndGlobalSection
EndGlobal
