
Microsoft Visual Studio Solution File, Format Version 12.00
# Visual Studio Version 17
VisualStudioVersion = 17.14.37301.10 d17.14
MinimumVisualStudioVersion = 10.0.40219.1
Project("{FAE04EC0-301F-11D3-BF4B-00C04F79EFBC}") = "CapaDatos", "CapaDatos\CapaDatos.csproj", "{F6B21F8A-5DCD-44AD-BB20-DA6A9FE00FFB}"
EndProject
Project("{FAE04EC0-301F-11D3-BF4B-00C04F79EFBC}") = "CapaNegocio", "CapaNegocio\CapaNegocio.csproj", "{EAF6E9BC-5D9D-4CF3-937E-2EA46DD478BE}"
EndProject
Project("{FAE04EC0-301F-11D3-BF4B-00C04F79EFBC}") = "CapaPresentacion", "CapaPresentacion\CapaPresentacion.csproj", "{4D3227C6-00B0-4694-BEAA-CF121D693ED7}"
EndProject
Global
	GlobalSection(SolutionConfigurationPlatforms) = preSolution
		Debug|Any CPU = Debug|Any CPU
		Release|Any CPU = Release|Any CPU
	EndGlobalSection
	GlobalSection(ProjectConfigurationPlatforms) = postSolution
		{F6B21F8A-5DCD-44AD-BB20-DA6A9FE00FFB}.Debug|Any CPU.ActiveCfg = Debug|Any CPU
		{F6B21F8A-5DCD-44AD-BB20-DA6A9FE00FFB}.Debug|Any CPU.Build.0 = Debug|Any CPU
		{F6B21F8A-5DCD-44AD-BB20-DA6A9FE00FFB}.Release|Any CPU.ActiveCfg = Release|Any CPU
		{F6B21F8A-5DCD-44AD-BB20-DA6A9FE00FFB}.Release|Any CPU.Build.0 = Release|Any CPU
		{EAF6E9BC-5D9D-4CF3-937E-2EA46DD478BE}.Debug|Any CPU.ActiveCfg = Debug|Any CPU
		{EAF6E9BC-5D9D-4CF3-937E-2EA46DD478BE}.Debug|Any CPU.Build.0 = Debug|Any CPU
		{EAF6E9BC-5D9D-4CF3-937E-2EA46DD478BE}.Release|Any CPU.ActiveCfg = Release|Any CPU
		{EAF6E9BC-5D9D-4CF3-937E-2EA46DD478BE}.Release|Any CPU.Build.0 = Release|Any CPU
		{4D3227C6-00B0-4694-BEAA-CF121D693ED7}.Debug|Any CPU.ActiveCfg = Debug|Any CPU
		{4D3227C6-00B0-4694-BEAA-CF121D693ED7}.Debug|Any CPU.Build.0 = Debug|Any CPU
		{4D3227C6-00B0-4694-BEAA-CF121D693ED7}.Release|Any CPU.ActiveCfg = Release|Any CPU
		{4D3227C6-00B0-4694-BEAA-CF121D693ED7}.Release|Any CPU.Build.0 = Release|Any CPU
	EndGlobalSection
	GlobalSection(SolutionProperties) = preSolution
		HideSolutionNode = FALSE
	EndGlobalSection
	GlobalSection(ExtensibilityGlobals) = postSolution
		SolutionGuid = {1975310A-5F31-4473-95A4-68FE5BE87424}
	EndGlobalSection
EndGlobal
