
Microsoft Visual Studio Solution File, Format Version 12.00
# Visual Studio Version 17
VisualStudioVersion = 17.14.37301.10 d17.14
MinimumVisualStudioVersion = 10.0.40219.1
Project("{FAE04EC0-301F-11D3-BF4B-00C04F79EFBC}") = "CapaDatos", "CapaDatos\CapaDatos.csproj", "{43EFB1BA-5A42-40E5-84BD-3CC19B905D00}"
EndProject
Project("{FAE04EC0-301F-11D3-BF4B-00C04F79EFBC}") = "CapaNegocio", "CapaNegocio\CapaNegocio.csproj", "{7136630C-21BC-4E0D-9823-C9155729E654}"
EndProject
Project("{FAE04EC0-301F-11D3-BF4B-00C04F79EFBC}") = "CapaPresentacion", "CapaPresentacion\CapaPresentacion.csproj", "{BC3F4AF3-A941-4455-9049-CB9E7DC914B7}"
EndProject
Global
	GlobalSection(SolutionConfigurationPlatforms) = preSolution
		Debug|Any CPU = Debug|Any CPU
		Release|Any CPU = Release|Any CPU
	EndGlobalSection
	GlobalSection(ProjectConfigurationPlatforms) = postSolution
		{43EFB1BA-5A42-40E5-84BD-3CC19B905D00}.Debug|Any CPU.ActiveCfg = Debug|Any CPU
		{43EFB1BA-5A42-40E5-84BD-3CC19B905D00}.Debug|Any CPU.Build.0 = Debug|Any CPU
		{43EFB1BA-5A42-40E5-84BD-3CC19B905D00}.Release|Any CPU.ActiveCfg = Release|Any CPU
		{43EFB1BA-5A42-40E5-84BD-3CC19B905D00}.Release|Any CPU.Build.0 = Release|Any CPU
		{7136630C-21BC-4E0D-9823-C9155729E654}.Debug|Any CPU.ActiveCfg = Debug|Any CPU
		{7136630C-21BC-4E0D-9823-C9155729E654}.Debug|Any CPU.Build.0 = Debug|Any CPU
		{7136630C-21BC-4E0D-9823-C9155729E654}.Release|Any CPU.ActiveCfg = Release|Any CPU
		{7136630C-21BC-4E0D-9823-C9155729E654}.Release|Any CPU.Build.0 = Release|Any CPU
		{BC3F4AF3-A941-4455-9049-CB9E7DC914B7}.Debug|Any CPU.ActiveCfg = Debug|Any CPU
		{BC3F4AF3-A941-4455-9049-CB9E7DC914B7}.Debug|Any CPU.Build.0 = Debug|Any CPU
		{BC3F4AF3-A941-4455-9049-CB9E7DC914B7}.Release|Any CPU.ActiveCfg = Release|Any CPU
		{BC3F4AF3-A941-4455-9049-CB9E7DC914B7}.Release|Any CPU.Build.0 = Release|Any CPU
	EndGlobalSection
	GlobalSection(SolutionProperties) = preSolution
		HideSolutionNode = FALSE
	EndGlobalSection
	GlobalSection(ExtensibilityGlobals) = postSolution
		SolutionGuid = {52FC8CD2-FB6F-42EE-9F8F-198D2196255D}
	EndGlobalSection
EndGlobal
