
Microsoft Visual Studio Solution File, Format Version 12.00
# Visual Studio Version 17
VisualStudioVersion = 17.14.37301.10 d17.14
MinimumVisualStudioVersion = 10.0.40219.1
Project("{FAE04EC0-301F-11D3-BF4B-00C04F79EFBC}") = "Entidades", "Entidades\Entidades.csproj", "{DE75EED3-F627-48DC-9FAE-F0D0F7861E86}"
EndProject
Project("{FAE04EC0-301F-11D3-BF4B-00C04F79EFBC}") = "Datos", "Datos\Datos.csproj", "{D68E74EF-A982-498A-B88F-5F92B6F1CD4C}"
EndProject
Project("{FAE04EC0-301F-11D3-BF4B-00C04F79EFBC}") = "Negocio", "Negocio\Negocio.csproj", "{083979E8-FDC3-49EF-9BCB-2E187B98206F}"
EndProject
Project("{FAE04EC0-301F-11D3-BF4B-00C04F79EFBC}") = "Presentacion", "Presentacion\Presentacion.csproj", "{2AC00FE2-97D5-4536-B29C-DF12838FAA6F}"
EndProject
Global
	GlobalSection(SolutionConfigurationPlatforms) = preSolution
		Debug|Any CPU = Debug|Any CPU
		Release|Any CPU = Release|Any CPU
	EndGlobalSection
	GlobalSection(ProjectConfigurationPlatforms) = postSolution
		{DE75EED3-F627-48DC-9FAE-F0D0F7861E86}.Debug|Any CPU.ActiveCfg = Debug|Any CPU
		{DE75EED3-F627-48DC-9FAE-F0D0F7861E86}.Debug|Any CPU.Build.0 = Debug|Any CPU
		{DE75EED3-F627-48DC-9FAE-F0D0F7861E86}.Release|Any CPU.ActiveCfg = Release|Any CPU
		{DE75EED3-F627-48DC-9FAE-F0D0F7861E86}.Release|Any CPU.Build.0 = Release|Any CPU
		{D68E74EF-A982-498A-B88F-5F92B6F1CD4C}.Debug|Any CPU.ActiveCfg = Debug|Any CPU
		{D68E74EF-A982-498A-B88F-5F92B6F1CD4C}.Debug|Any CPU.Build.0 = Debug|Any CPU
		{D68E74EF-A982-498A-B88F-5F92B6F1CD4C}.Release|Any CPU.ActiveCfg = Release|Any CPU
		{D68E74EF-A982-498A-B88F-5F92B6F1CD4C}.Release|Any CPU.Build.0 = Release|Any CPU
		{083979E8-FDC3-49EF-9BCB-2E187B98206F}.Debug|Any CPU.ActiveCfg = Debug|Any CPU
		{083979E8-FDC3-49EF-9BCB-2E187B98206F}.Debug|Any CPU.Build.0 = Debug|Any CPU
		{083979E8-FDC3-49EF-9BCB-2E187B98206F}.Release|Any CPU.ActiveCfg = Release|Any CPU
		{083979E8-FDC3-49EF-9BCB-2E187B98206F}.Release|Any CPU.Build.0 = Release|Any CPU
		{2AC00FE2-97D5-4536-B29C-DF12838FAA6F}.Debug|Any CPU.ActiveCfg = Debug|Any CPU
		{2AC00FE2-97D5-4536-B29C-DF12838FAA6F}.Debug|Any CPU.Build.0 = Debug|Any CPU
		{2AC00FE2-97D5-4536-B29C-DF12838FAA6F}.Release|Any CPU.ActiveCfg = Release|Any CPU
		{2AC00FE2-97D5-4536-B29C-DF12838FAA6F}.Release|Any CPU.Build.0 = Release|Any CPU
	EndGlobalSection
	GlobalSection(SolutionProperties) = preSolution
		HideSolutionNode = FALSE
	EndGlobalSection
	GlobalSection(ExtensibilityGlobals) = postSolution
		SolutionGuid = {D5F6256C-C500-4F89-B68C-76D16533F29E}
	EndGlobalSection
EndGlobal
